// !$*UTF8*$!
{
	archiveVersion = 1;
	classes = {
	};
	objectVersion = 50;
	objects = {

/* Begin PBXBuildFile section */
		106C67AB217741E200840703 /* AppDelegate.m in Sources */ = {isa = PBXBuildFile; fileRef = 106C67AA217741E200840703 /* AppDelegate.m */; };
		106C67AE217741E200840703 /* ViewController.m in Sources */ = {isa = PBXBuildFile; fileRef = 106C67AD217741E200840703 /* ViewController.m */; };
		106C67B1217741E200840703 /* Main.storyboard in Resources */ = {isa = PBXBuildFile; fileRef = 106C67AF217741E200840703 /* Main.storyboard */; };
		106C67B3217741EE00840703 /* Assets.xcassets in Resources */ = {isa = PBXBuildFile; fileRef = 106C67B2217741EE00840703 /* Assets.xcassets */; };
		106C67B6217741EE00840703 /* LaunchScreen.storyboard in Resources */ = {isa = PBXBuildFile; fileRef = 106C67B4217741EE00840703 /* LaunchScreen.storyboard */; };
		106C67B9217741EF00840703 /* main.m in Sources */ = {isa = PBXBuildFile; fileRef = 106C67B8217741EE00840703 /* main.m */; };
		106C67C12177423400840703 /* RulerView.m in Sources */ = {isa = PBXBuildFile; fileRef = 106C67BF2177423400840703 /* RulerView.m */; };
/* End PBXBuildFile section */

/* Begin PBXFileReference section */
		106C67A6217741E200840703 /* EGORulerView.app */ = {isa = PBXFileReference; explicitFileType = wrapper.application; includeInIndex = 0; path = EGORulerView.app; sourceTree = BUILT_PRODUCTS_DIR; };
		106C67A9217741E200840703 /* AppDelegate.h */ = {isa = PBXFileReference; lastKnownFileType = sourcecode.c.h; path = AppDelegate.h; sourceTree = "<group>"; };
		106C67AA217741E200840703 /* AppDelegate.m */ = {isa = PBXFileReference; lastKnownFileType = sourcecode.c.objc; path = AppDelegate.m; sourceTree = "<group>"; };
		106C67AC217741E200840703 /* ViewController.h */ = {isa = PBXFileReference; lastKnownFileType = sourcecode.c.h; path = ViewController.h; sourceTree = "<group>"; };
		106C67AD217741E200840703 /* ViewController.m */ = {isa = PBXFileReference; lastKnownFileType = sourcecode.c.objc; path = ViewController.m; sourceTree = "<group>"; };
		106C67B0217741E200840703 /* Base */ = {isa = PBXFileReference; lastKnownFileType = file.storyboard; name = Base; path = Base.lproj/Main.storyboard; sourceTree = "<group>"; };
		106C67B2217741EE00840703 /* Assets.xcassets */ = {isa = PBXFileReference; lastKnownFileType = folder.assetcatalog; path = Assets.xcassets; sourceTree = "<group>"; };
		106C67B5217741EE00840703 /* Base */ = {isa = PBXFileReference; lastKnownFileType = file.storyboard; name = Base; path = Base.lproj/LaunchScreen.storyboard; sourceTree = "<group>"; };
		106C67B7217741EE00840703 /* Info.plist */ = {isa = PBXFileReference; lastKnownFileType = text.plist.xml; path = Info.plist; sourceTree = "<group>"; };
		106C67B8217741EE00840703 /* main.m */ = {isa = PBXFileReference; lastKnownFileType = sourcecode.c.objc; path = main.m; sourceTree = "<group>"; };
		106C67BF2177423400840703 /* RulerView.m */ = {isa = PBXFileReference; lastKnownFileType = sourcecode.c.objc; path = RulerView.m; sourceTree = "<group>"; };
		106C67C02177423400840703 /* RulerView.h */ = {isa = PBXFileReference; lastKnownFileType = sourcecode.c.h; path = RulerView.h; sourceTree = "<group>"; };
/* End PBXFileReference section */

/* Begin PBXFrameworksBuildPhase section */
		106C67A3217741E200840703 /* Frameworks */ = {
			isa = PBXFrameworksBuildPhase;
			buildActionMask = 2147483647;
			files = (
			);
			runOnlyForDeploymentPostprocessing = 0;
		};
/* End PBXFrameworksBuildPhase section */

/* Begin PBXGroup section */
		106C679D217741E200840703 = {
			isa = PBXGroup;
			children = (
				106C67A8217741E200840703 /* EGORulerView */,
				106C67A7217741E200840703 /* Products */,
			);
			sourceTree = "<group>";
		};
		106C67A7217741E200840703 /* Products */ = {
			isa = PBXGroup;
			children = (
				106C67A6217741E200840703 /* EGORulerView.app */,
			);
			name = Products;
			sourceTree = "<group>";
		};
		106C67A8217741E200840703 /* EGORulerView */ = {
			isa = PBXGroup;
			children = (
				106C67C02177423400840703 /* RulerView.h */,
				106C67BF2177423400840703 /* RulerView.m */,
				106C67A9217741E200840703 /* AppDelegate.h */,
				106C67AA217741E200840703 /* AppDelegate.m */,
				106C67AC217741E200840703 /* ViewController.h */,
				106C67AD217741E200840703 /* ViewController.m */,
				106C67AF217741E200840703 /* Main.storyboard */,
				106C67B2217741EE00840703 /* Assets.xcassets */,
				106C67B4217741EE00840703 /* LaunchScreen.storyboard */,
				106C67B7217741EE00840703 /* Info.plist */,
				106C67B8217741EE00840703 /* main.m */,
			);
			path = EGORulerView;
			sourceTree = "<group>";
		};
/* End PBXGroup section */

/* Begin PBXNativeTarget section */
		106C67A5217741E200840703 /* EGORulerView */ = {
			isa = PBXNativeTarget;
			buildConfigurationList = 106C67BC217741EF00840703 /* Build configuration list for PBXNativeTarget "EGORulerView" */;
			buildPhases = (
				106C67A2217741E200840703 /* Sources */,
				106C67A3217741E200840703 /* Frameworks */,
				106C67A4217741E200840703 /* Resources */,
			);
			buildRules = (
			);
			dependencies = (
			);
			name = EGORulerView;
			productName = EGORulerView;
			productReference = 106C67A6217741E200840703 /* EGORulerView.app */;
			productType = "com.apple.product-type.application";
		};
/* End PBXNativeTarget section */

/* Begin PBXProject section */
		106C679E217741E200840703 /* Project object */ = {
			isa = PBXProject;
			attributes = {
				LastUpgradeCheck = 1000;
				ORGANIZATIONNAME = RLY;
				TargetAttributes = {
					106C67A5217741E200840703 = {
						CreatedOnToolsVersion = 10.0;
					};
				};
			};
			buildConfigurationList = 106C67A1217741E200840703 /* Build configuration list for PBXProject "EGORulerView" */;
			compatibilityVersion = "Xcode 9.3";
			developmentRegion = en;
			hasScannedForEncodings = 0;
			knownRegions = (
				en,
				Base,
			);
			mainGroup = 106C679D217741E200840703;
			productRefGroup = 106C67A7217741E200840703 /* Products */;
			projectDirPath = "";
			projectRoot = "";
			targets = (
				106C67A5217741E200840703 /* EGORulerView */,
			);
		};
/* End PBXProject section */

/* Begin PBXResourcesBuildPhase section */
		106C67A4217741E200840703 /* Resources */ = {
			isa = PBXResourcesBuildPhase;
			buildActionMask = 2147483647;
			files = (
				106C67B6217741EE00840703 /* LaunchScreen.storyboard in Resources */,
				106C67B3217741EE00840703 /* Assets.xcassets in Resources */,
				106C67B1217741E200840703 /* Main.storyboard in Resources */,
			);
			runOnlyForDeploymentPostprocessing = 0;
		};
/* End PBXResourcesBuildPhase section */

/* Begin PBXSourcesBuildPhase section */
		106C67A2217741E200840703 /* Sources */ = {
			isa = PBXSourcesBuildPhase;
			buildActionMask = 2147483647;
			files = (
				106C67AE217741E200840703 /* ViewController.m in Sources */,
				106C67B9217741EF00840703 /* main.m in Sources */,
				106C67AB217741E200840703 /* AppDelegate.m in Sources */,
				106C67C12177423400840703 /* RulerView.m in Sources */,
			);
			runOnlyForDeploymentPostprocessing = 0;
		};
/* End PBXSourcesBuildPhase section */

/* Begin PBXVariantGroup section */
		106C67AF217741E200840703 /* Main.storyboard */ = {
			isa = PBXVariantGroup;
			children = (
				106C67B0217741E200840703 /* Base */,
			);
			name = Main.storyboard;
			sourceTree = "<group>";
		};
		106C67B4217741EE00840703 /* LaunchScreen.storyboard */ = {
			isa = PBXVariantGroup;
			children = (
				106C67B5217741EE00840703 /* Base */,
			);
			name = LaunchScreen.storyboard;
			sourceTree = "<group>";
		};
/* End PBXVariantGroup section */

/* Begin XCBuildConfiguration section */
		106C67BA217741EF00840703 /* Debug */ = {
			isa = XCBuildConfiguration;
			buildSettings = {
				ALWAYS_SEARCH_USER_PATHS = NO;
				CLANG_ANALYZER_NONNULL = YES;
				CLANG_ANALYZER_NUMBER_OBJECT_CONVERSION = YES_AGGRESSIVE;
				CLANG_CXX_LANGUAGE_STANDARD = "gnu++14";
				CLANG_CXX_LIBRARY = "libc++";
				CLANG_ENABLE_MODULES = YES;
				CLANG_ENABLE_OBJC_ARC = YES;
				CLANG_ENABLE_OBJC_WEAK = YES;
				CLANG_WARN_BLOCK_CAPTURE_AUTORELEASING = YES;
				CLANG_WARN_BOOL_CONVERSION = YES;
				CLANG_WARN_COMMA = YES;
				CLANG_WARN_CONSTANT_CONVERSION = YES;
				CLANG_WARN_DEPRECATED_OBJC_IMPLEMENTATIONS = YES;
				CLANG_WARN_DIRECT_OBJC_ISA_USAGE = YES_ERROR;
				CLANG_WARN_DOCUMENTATION_COMMENTS = YES;
				CLANG_WARN_EMPTY_BODY = YES;
				CLANG_WARN_ENUM_CONVERSION = YES;
				CLANG_WARN_INFINITE_RECURSION = YES;
				CLANG_WARN_INT_CONVERSION = YES;
				CLANG_WARN_NON_LITERAL_NULL_CONVERSION = YES;
				CLANG_WARN_OBJC_IMPLICIT_RETAIN_SELF = YES;
				CLANG_WARN_OBJC_LITERAL_CONVERSION = YES;
				CLANG_WARN_OBJC_ROOT_CLASS = YES_ERROR;
				CLANG_WARN_RANGE_LOOP_ANALYSIS = YES;
				CLANG_WARN_STRICT_PROTOTYPES = YES;
				CLANG_WARN_SUSPICIOUS_MOVE = YES;
				CLANG_WARN_UNGUARDED_AVAILABILITY = YES_AGGRESSIVE;
				CLANG_WARN_UNREACHABLE_CODE = YES;
				CLANG_WARN__DUPLICATE_METHOD_MATCH = YES;
				CODE_SIGN_IDENTITY = "iPhone Developer";
				COPY_PHASE_STRIP = NO;
				DEBUG_INFORMATION_FORMAT = dwarf;
				ENABLE_STRICT_OBJC_MSGSEND = YES;
				ENABLE_TESTABILITY = YES;
				GCC_C_LANGUAGE_STANDARD = gnu11;
				GCC_DYNAMIC_NO_PIC = NO;
				GCC_NO_COMMON_BLOCKS = YES;
				GCC_OPTIMIZATION_LEVEL = 0;
				GCC_PREPROCESSOR_DEFINITIONS = (
					"DEBUG=1",
					"$(inherited)",
				);
				GCC_WARN_64_TO_32_BIT_CONVERSION = YES;
				GCC_WARN_ABOUT_RETURN_TYPE = YES_ERROR;
				GCC_WARN_UNDECLARED_SELECTOR = YES;
				GCC_WARN_UNINITIALIZED_AUTOS = YES_AGGRESSIVE;
				GCC_WARN_UNUSED_FUNCTION = YES;
				GCC_WARN_UNUSED_VARIABLE = YES;
				IPHONEOS_DEPLOYMENT_TARGET = 12.0;
				MTL_ENABLE_DEBUG_INFO = INCLUDE_SOURCE;
				MTL_FAST_MATH = YES;
				ONLY_ACTIVE_ARCH = YES;
				SDKROOT = iphoneos;
			};
			name = Debug;
		};
		106C67BB217741EF00840703 /* Release */ = {
			isa = XCBuildConfiguration;
			buildSettings = {
				ALWAYS_SEARCH_USER_PATHS = NO;
				CLANG_ANALYZER_NONNULL = YES;
				CLANG_ANALYZER_NUMBER_OBJECT_CONVERSION = YES_AGGRESSIVE;
				CLANG_CXX_LANGUAGE_STANDARD = "gnu++14";
				CLANG_CXX_LIBRARY = "libc++";
				CLANG_ENABLE_MODULES = YES;
				CLANG_ENABLE_OBJC_ARC = YES;
				CLANG_ENABLE_OBJC_WEAK = YES;
				CLANG_WARN_BLOCK_CAPTURE_AUTORELEASING = YES;
				CLANG_WARN_BOOL_CONVERSION = YES;
				CLANG_WARN_COMMA = YES;
				CLANG_WARN_CONSTANT_CONVERSION = YES;
				CLANG_WARN_DEPRECATED_OBJC_IMPLEMENTATIONS = YES;
				CLANG_WARN_DIRECT_OBJC_ISA_USAGE = YES_ERROR;
				CLANG_WARN_DOCUMENTATION_COMMENTS = YES;
				CLANG_WARN_EMPTY_BODY = YES;
				CLANG_WARN_ENUM_CONVERSION = YES;
				CLANG_WARN_INFINITE_RECURSION = YES;
				CLANG_WARN_INT_CONVERSION = YES;
				CLANG_WARN_NON_LITERAL_NULL_CONVERSION = YES;
				CLANG_WARN_OBJC_IMPLICIT_RETAIN_SELF = YES;
				CLANG_WARN_OBJC_LITERAL_CONVERSION = YES;
				CLANG_WARN_OBJC_ROOT_CLASS = YES_ERROR;
				CLANG_WARN_RANGE_LOOP_ANALYSIS = YES;
				CLANG_WARN_STRICT_PROTOTYPES = YES;
				CLANG_WARN_SUSPICIOUS_MOVE = YES;
				CLANG_WARN_UNGUARDED_AVAILABILITY = YES_AGGRESSIVE;
				CLANG_WARN_UNREACHABLE_CODE = YES;
				CLANG_WARN__DUPLICATE_METHOD_MATCH = YES;
				CODE_SIGN_IDENTITY = "iPhone Developer";
				COPY_PHASE_STRIP = NO;
				DEBUG_INFORMATION_FORMAT = "dwarf-with-dsym";
				ENABLE_NS_ASSERTIONS = NO;
				ENABLE_STRICT_OBJC_MSGSEND = YES;
				GCC_C_LANGUAGE_STANDARD = gnu11;
				GCC_NO_COMMON_BLOCKS = YES;
				GCC_WARN_64_TO_32_BIT_CONVERSION = YES;
				GCC_WARN_ABOUT_RETURN_TYPE = YES_ERROR;
				GCC_WARN_UNDECLARED_SELECTOR = YES;
				GCC_WARN_UNINITIALIZED_AUTOS = YES_AGGRESSIVE;
				GCC_WARN_UNUSED_FUNCTION = YES;
				GCC_WARN_UNUSED_VARIABLE = YES;
				IPHONEOS_DEPLOYMENT_TARGET = 12.0;
				MTL_ENABLE_DEBUG_INFO = NO;
				MTL_FAST_MATH = YES;
				SDKROOT = iphoneos;
				VALIDATE_PRODUCT = YES;
			};
			name = Release;
		};
		106C67BD217741EF00840703 /* Debug */ = {
			isa = XCBuildConfiguration;
			buildSettings = {
				ASSETCATALOG_COMPILER_APPICON_NAME = AppIcon;
				CODE_SIGN_STYLE = Automatic;
				DEVELOPMENT_TEAM = 59XU23GZT3;
				INFOPLIST_FILE = EGORulerView/Info.plist;
				LD_RUNPATH_SEARCH_PATHS = (
					"$(inherited)",
					"@executable_path/Frameworks",
				);
				PRODUCT_BUNDLE_IDENTIFIER = com.nef.demo.EGORulerView;
				PRODUCT_NAME = "$(TARGET_NAME)";
				TARGETED_DEVICE_FAMILY = "1,2";
			};
			name = Debug;
		};
		106C67BE217741EF00840703 /* Release */ = {
			isa = XCBuildConfiguration;
			buildSettings = {
				ASSETCATALOG_COMPILER_APPICON_NAME = AppIcon;
				CODE_SIGN_STYLE = Automatic;
				DEVELOPMENT_TEAM = 59XU23GZT3;
				INFOPLIST_FILE = EGORulerView/Info.plist;
				LD_RUNPATH_SEARCH_PATHS = (
					"$(inherited)",
					"@executable_path/Frameworks",
				);
				PRODUCT_BUNDLE_IDENTIFIER = com.nef.demo.EGORulerView;
				PRODUCT_NAME = "$(TARGET_NAME)";
				TARGETED_DEVICE_FAMILY = "1,2";
			};
			name = Release;
		};
/* End XCBuildConfiguration section */

/* Begin XCConfigurationList section */
		106C67A1217741E200840703 /* Build configuration list for PBXProject "EGORulerView" */ = {
			isa = XCConfigurationList;
			buildConfigurations = (
				106C67BA217741EF00840703 /* Debug */,
				106C67BB217741EF00840703 /* Release */,
			);
			defaultConfigurationIsVisible = 0;
			defaultConfigurationName = Release;
		};
		106C67BC217741EF00840703 /* Build configuration list for PBXNativeTarget "EGORulerView" */ = {
			isa = XCConfigurationList;
			buildConfigurations = (
				106C67BD217741EF00840703 /* Debug */,
				106C67BE217741EF00840703 /* Release */,
			);
			defaultConfigurationIsVisible = 0;
			defaultConfigurationName = Release;
		};
/* End XCConfigurationList section */
	};
	rootObject = 106C679E217741E200840703 /* Project object */;
}
